Microsoft Visual Studio Solution File, Format Version 11.00
# Visual Studio 2010
Project("{FAE04EC0-301F-11D3-BF4B-00C04F79EFBC}") = "VSIX", "VSIX\VSIX.csproj", "{6C783367-F675-4B8A-8FAF-81AE9E8BE2DF}"
EndProject
Project("{FAE04EC0-301F-11D3-BF4B-00C04F79EFBC}") = "TemplateCS", "TemplateCS\TemplateCS.csproj", "{5133DED2-2448-4536-8F18-8FD6E50EAD4D}"
EndProject
Project("{FAE04EC0-301F-11D3-BF4B-00C04F79EFBC}") = "PanelAddinWizard", "Wizard\PanelAddinWizard.csproj", "{B214D62D-7872-4D80-9387-ABBFAAF57A2C}"
EndProject
Project("{F184B08F-C81C-45F6-A57F-5ABD9991F28F}") = "TemplateVB", "TemplateVB\TemplateVB.vbproj", "{75B8D080-8DB7-4418-91FB-5E0501ACFEC1}"
EndProject
Project("{FAE04EC0-301F-11D3-BF4B-00C04F79EFBC}") = "PanelAddinWizardTestApp", "PanelAddinWizardTestApp\PanelAddinWizardTestApp.csproj", "{BC34960E-B314-4118-990B-55C3908A4C51}"
EndProject
Project("{930C7802-8A8C-48F9-8165-68863BCCD9DD}") = "VisioExtension", "VisioWixExtension\wixlib\VisioExtension.wixproj", "{554A8562-462B-4F2F-9947-CD9728F73F6B}"
EndProject
Project("{8BC9CEB8-8B4A-11D0-8D11-00A0C91BC942}") = "VisioCustomActions", "VisioWixExtension\ca\VisioCustomActions.vcxproj", "{48663322-5C06-477B-9591-7A80E3F09EE2}"
EndProject
Project("{FAE04EC0-301F-11D3-BF4B-00C04F79EFBC}") = "VisioWixExtension", "VisioWixExtension\wixext\VisioWixExtension.csproj", "{814CBD03-4FFB-471A-AAF4-F5E04ADEE783}"
	ProjectSection(ProjectDependencies) = postProject
		{48663322-5C06-477B-9591-7A80E3F09EE2} = {48663322-5C06-477B-9591-7A80E3F09EE2}
		{554A8562-462B-4F2F-9947-CD9728F73F6B} = {554A8562-462B-4F2F-9947-CD9728F73F6B}
	EndProjectSection
EndProject
Project("{2150E333-8FDC-42A3-9474-1A3956D46DE8}") = "WixExtension", "WixExtension", "{25387522-997C-4E2F-AB8A-90F1E1754FFF}"
EndProject
Global
	GlobalSection(SolutionConfigurationPlatforms) = preSolution
		Debug|x86 = Debug|x86
		Release|x86 = Release|x86
	EndGlobalSection
	GlobalSection(ProjectConfigurationPlatforms) = postSolution
		{6C783367-F675-4B8A-8FAF-81AE9E8BE2DF}.Debug|x86.ActiveCfg = Debug|Any CPU
		{6C783367-F675-4B8A-8FAF-81AE9E8BE2DF}.Debug|x86.Build.0 = Debug|Any CPU
		{6C783367-F675-4B8A-8FAF-81AE9E8BE2DF}.Release|x86.ActiveCfg = Release|Any CPU
		{5133DED2-2448-4536-8F18-8FD6E50EAD4D}.Debug|x86.ActiveCfg = Debug|Any CPU
		{5133DED2-2448-4536-8F18-8FD6E50EAD4D}.Debug|x86.Build.0 = Debug|Any CPU
		{5133DED2-2448-4536-8F18-8FD6E50EAD4D}.Release|x86.ActiveCfg = Release|Any CPU
		{B214D62D-7872-4D80-9387-ABBFAAF57A2C}.Debug|x86.ActiveCfg = Debug|Any CPU
		{B214D62D-7872-4D80-9387-ABBFAAF57A2C}.Debug|x86.Build.0 = Debug|Any CPU
		{B214D62D-7872-4D80-9387-ABBFAAF57A2C}.Release|x86.ActiveCfg = Release|Any CPU
		{75B8D080-8DB7-4418-91FB-5E0501ACFEC1}.Debug|x86.ActiveCfg = Debug|Any CPU
		{75B8D080-8DB7-4418-91FB-5E0501ACFEC1}.Debug|x86.Build.0 = Debug|Any CPU
		{75B8D080-8DB7-4418-91FB-5E0501ACFEC1}.Release|x86.ActiveCfg = Release|Any CPU
		{BC34960E-B314-4118-990B-55C3908A4C51}.Debug|x86.ActiveCfg = Debug|Any CPU
		{BC34960E-B314-4118-990B-55C3908A4C51}.Debug|x86.Build.0 = Debug|Any CPU
		{BC34960E-B314-4118-990B-55C3908A4C51}.Release|x86.ActiveCfg = Release|Any CPU
		{554A8562-462B-4F2F-9947-CD9728F73F6B}.Debug|x86.ActiveCfg = Debug|x86
		{554A8562-462B-4F2F-9947-CD9728F73F6B}.Debug|x86.Build.0 = Debug|x86
		{554A8562-462B-4F2F-9947-CD9728F73F6B}.Release|x86.ActiveCfg = Release|x86
		{554A8562-462B-4F2F-9947-CD9728F73F6B}.Release|x86.Build.0 = Release|x86
		{48663322-5C06-477B-9591-7A80E3F09EE2}.Debug|x86.ActiveCfg = Debug|Win32
		{48663322-5C06-477B-9591-7A80E3F09EE2}.Debug|x86.Build.0 = Debug|Win32
		{48663322-5C06-477B-9591-7A80E3F09EE2}.Release|x86.ActiveCfg = Release|Win32
		{814CBD03-4FFB-471A-AAF4-F5E04ADEE783}.Debug|x86.ActiveCfg = Debug|Any CPU
		{814CBD03-4FFB-471A-AAF4-F5E04ADEE783}.Debug|x86.Build.0 = Debug|Any CPU
		{814CBD03-4FFB-471A-AAF4-F5E04ADEE783}.Release|x86.ActiveCfg = Release|Any CPU
	EndGlobalSection
	GlobalSection(SolutionProperties) = preSolution
		HideSolutionNode = FALSE
	EndGlobalSection
	GlobalSection(NestedProjects) = preSolution
		{48663322-5C06-477B-9591-7A80E3F09EE2} = {25387522-997C-4E2F-AB8A-90F1E1754FFF}
		{814CBD03-4FFB-471A-AAF4-F5E04ADEE783} = {25387522-997C-4E2F-AB8A-90F1E1754FFF}
		{554A8562-462B-4F2F-9947-CD9728F73F6B} = {25387522-997C-4E2F-AB8A-90F1E1754FFF}
	EndGlobalSection
EndGlobal
