<?xml version="1.0" encoding="utf-8"?>
<Project ToolsVersion="4.0" xmlns="http://schemas.microsoft.com/developer/msbuild/2003">
  <ItemGroup>
    <Filter Include="Source Files">
      <UniqueIdentifier>{7c5d42dd-47cb-4124-a6f8-e291b6ceec63}</UniqueIdentifier>
      <Extensions>cpp;c;cxx;rc;def;r;odl;idl;hpj;bat</Extensions>
    </Filter>
    <Filter Include="Header Files">
      <UniqueIdentifier>{2cc95614-ab7f-46f7-8673-175280462c57}</UniqueIdentifier>
      <Extensions>h;hpp;hxx;hm;inl</Extensions>
    </Filter>
    <Filter Include="Resource Files">
      <UniqueIdentifier>{148a966b-072b-4f7a-9670-1e0b41030e33}</UniqueIdentifier>
      <Extensions>ico;cur;bmp;dlg;rc2;rct;bin;rgs;gif;jpg;jpeg;jpe</Extensions>
    </Filter>
  </ItemGroup>
  <ItemGroup>
    <ClCompile Include="StdAfx.cpp">
      <Filter>Source Files</Filter>
    </ClCompile>
    <ClCompile Include="TestAddonExe.cpp">
      <Filter>Source Files</Filter>
    </ClCompile>
    <ClCompile Include="vao_all.cpp">
      <Filter>Source Files</Filter>
    </ClCompile>
    <ClCompile Include="vTestAddonExe.cpp">
      <Filter>Source Files</Filter>
    </ClCompile>
  </ItemGroup>
  <ItemGroup>
    <ResourceCompile Include="TestAddonExe.rc">
      <Filter>Source Files</Filter>
    </ResourceCompile>
  </ItemGroup>
  <ItemGroup>
    <ClInclude Include="Resource.h">
      <Filter>Header Files</Filter>
    </ClInclude>
    <ClInclude Include="StdAfx.h">
      <Filter>Header Files</Filter>
    </ClInclude>
    <ClInclude Include="TestAddonExe.h">
      <Filter>Header Files</Filter>
    </ClInclude>
    <ClInclude Include="vTestAddonExe.h">
      <Filter>Header Files</Filter>
    </ClInclude>
  </ItemGroup>
  <ItemGroup>
    <None Include="res\TestAddonExe.ico">
      <Filter>Resource Files</Filter>
    </None>
    <None Include="res\TestAddonExe.rc2">
      <Filter>Resource Files</Filter>
    </None>
  </ItemGroup>
</Project>